
Microsoft Visual Studio Solution File, Format Version 12.00
# Visual Studio Version 17
VisualStudioVersion = 17.14.36310.24 d17.14
MinimumVisualStudioVersion = 10.0.40219.1
Project("{54A90642-561A-4BB1-A94E-469ADEE60C69}") = "hideandseek.client", "hideandseek.client\hideandseek.client.esproj", "{2720A4C6-D6B7-26DA-FEE2-FA220C586B49}"
EndProject
Project("{FAE04EC0-301F-11D3-BF4B-00C04F79EFBC}") = "HideandSeek.Server", "HideandSeek.Server\HideandSeek.Server.csproj", "{3E2FD946-467F-4DB1-8168-FA4828EBD8CA}"
EndProject
Global
	GlobalSection(SolutionConfigurationPlatforms) = preSolution
		Debug|Any CPU = Debug|Any CPU
		Release|Any CPU = Release|Any CPU
	EndGlobalSection
	GlobalSection(ProjectConfigurationPlatforms) = postSolution
		{2720A4C6-D6B7-26DA-FEE2-FA220C586B49}.Debug|Any CPU.ActiveCfg = Debug|Any CPU
		{2720A4C6-D6B7-26DA-FEE2-FA220C586B49}.Debug|Any CPU.Build.0 = Debug|Any CPU
		{2720A4C6-D6B7-26DA-FEE2-FA220C586B49}.Debug|Any CPU.Deploy.0 = Debug|Any CPU
		{2720A4C6-D6B7-26DA-FEE2-FA220C586B49}.Release|Any CPU.ActiveCfg = Release|Any CPU
		{2720A4C6-D6B7-26DA-FEE2-FA220C586B49}.Release|Any CPU.Build.0 = Release|Any CPU
		{2720A4C6-D6B7-26DA-FEE2-FA220C586B49}.Release|Any CPU.Deploy.0 = Release|Any CPU
		{3E2FD946-467F-4DB1-8168-FA4828EBD8CA}.Debug|Any CPU.ActiveCfg = Debug|Any CPU
		{3E2FD946-467F-4DB1-8168-FA4828EBD8CA}.Debug|Any CPU.Build.0 = Debug|Any CPU
		{3E2FD946-467F-4DB1-8168-FA4828EBD8CA}.Release|Any CPU.ActiveCfg = Release|Any CPU
		{3E2FD946-467F-4DB1-8168-FA4828EBD8CA}.Release|Any CPU.Build.0 = Release|Any CPU
	EndGlobalSection
	GlobalSection(SolutionProperties) = preSolution
		HideSolutionNode = FALSE
	EndGlobalSection
	GlobalSection(ExtensibilityGlobals) = postSolution
		SolutionGuid = {0C82A2D4-6AD0-4086-BA9C-29988AB3954F}
	EndGlobalSection
EndGlobal
